<Solution>
  <Project Path="src/RugsManagment.Domain/RugsManagment.Domain.csproj" />
  <Project Path="src/RugsManagment.Application/RugsManagment.Application.csproj" />
  <Project Path="src/RugsManagment.Infrastructure/RugsManagment.Infrastructure.csproj" />
  <Project Path="src/RugsManagment.Web/RugsManagment.Web.csproj" />
  <Project Path="tests/RugsManagment.Tests/RugsManagment.Tests.csproj" />
</Solution>
